
Microsoft Visual Studio Solution File, Format Version 12.00
# Visual Studio Version 16
VisualStudioVersion = 16.0.31410.357
MinimumVisualStudioVersion = 10.0.40219.1
Project("{FAE04EC0-301F-11D3-BF4B-00C04F79EFBC}") = "PrintResult Method", "PrintResult Method\PrintResult Method.csproj", "{EFE4FBF7-9B59-447F-AEC5-24C91638CB89}"
EndProject
Global
	GlobalSection(SolutionConfigurationPlatforms) = preSolution
		Debug|Any CPU = Debug|Any CPU
		Release|Any CPU = Release|Any CPU
	EndGlobalSection
	GlobalSection(ProjectConfigurationPlatforms) = postSolution
		{EFE4FBF7-9B59-447F-AEC5-24C91638CB89}.Debug|Any CPU.ActiveCfg = Debug|Any CPU
		{EFE4FBF7-9B59-447F-AEC5-24C91638CB89}.Debug|Any CPU.Build.0 = Debug|Any CPU
		{EFE4FBF7-9B59-447F-AEC5-24C91638CB89}.Release|Any CPU.ActiveCfg = Release|Any CPU
		{EFE4FBF7-9B59-447F-AEC5-24C91638CB89}.Release|Any CPU.Build.0 = Release|Any CPU
	EndGlobalSection
	GlobalSection(SolutionProperties) = preSolution
		HideSolutionNode = FALSE
	EndGlobalSection
	GlobalSection(ExtensibilityGlobals) = postSolution
		SolutionGuid = {D2F0C7E8-97F0-458D-8BD8-56F8F1517052}
	EndGlobalSection
EndGlobal
